
Microsoft Visual Studio Solution File, Format Version 12.00
# Visual Studio Version 16
VisualStudioVersion = 16.0.30320.27
MinimumVisualStudioVersion = 10.0.40219.1
Project("{888888A0-9F3D-457C-B088-3A5042F75D52}") = "PythonApplication38", "PythonApplication38.pyproj", "{8D0FA031-D3F4-4C64-A74B-F2CEC864B677}"
EndProject
Global
	GlobalSection(SolutionConfigurationPlatforms) = preSolution
		Debug|Any CPU = Debug|Any CPU
		Release|Any CPU = Release|Any CPU
	EndGlobalSection
	GlobalSection(ProjectConfigurationPlatforms) = postSolution
		{8D0FA031-D3F4-4C64-A74B-F2CEC864B677}.Debug|Any CPU.ActiveCfg = Debug|Any CPU
		{8D0FA031-D3F4-4C64-A74B-F2CEC864B677}.Release|Any CPU.ActiveCfg = Release|Any CPU
	EndGlobalSection
	GlobalSection(SolutionProperties) = preSolution
		HideSolutionNode = FALSE
	EndGlobalSection
	GlobalSection(ExtensibilityGlobals) = postSolution
		SolutionGuid = {50BF9130-A6EA-4B88-A67B-78FE36E92BE2}
	EndGlobalSection
EndGlobal
