
Microsoft Visual Studio Solution File, Format Version 12.00
# Visual Studio Version 16
VisualStudioVersion = 16.0.30320.27
MinimumVisualStudioVersion = 10.0.40219.1
Project("{888888A0-9F3D-457C-B088-3A5042F75D52}") = "PythonApplication37", "PythonApplication37.pyproj", "{30C7CC62-538F-483F-BA14-8EBA519AD7B9}"
EndProject
Global
	GlobalSection(SolutionConfigurationPlatforms) = preSolution
		Debug|Any CPU = Debug|Any CPU
		Release|Any CPU = Release|Any CPU
	EndGlobalSection
	GlobalSection(ProjectConfigurationPlatforms) = postSolution
		{30C7CC62-538F-483F-BA14-8EBA519AD7B9}.Debug|Any CPU.ActiveCfg = Debug|Any CPU
		{30C7CC62-538F-483F-BA14-8EBA519AD7B9}.Release|Any CPU.ActiveCfg = Release|Any CPU
	EndGlobalSection
	GlobalSection(SolutionProperties) = preSolution
		HideSolutionNode = FALSE
	EndGlobalSection
	GlobalSection(ExtensibilityGlobals) = postSolution
		SolutionGuid = {5F3725D8-6C34-4290-8BB9-EE5C4C028F88}
	EndGlobalSection
EndGlobal
