
Microsoft Visual Studio Solution File, Format Version 12.00
# Visual Studio Version 16
VisualStudioVersion = 16.0.30320.27
MinimumVisualStudioVersion = 10.0.40219.1
Project("{888888A0-9F3D-457C-B088-3A5042F75D52}") = "PythonApplication50", "PythonApplication50.pyproj", "{6CD3F945-7DAC-47AE-AAD3-4302D3B02DEF}"
EndProject
Global
	GlobalSection(SolutionConfigurationPlatforms) = preSolution
		Debug|Any CPU = Debug|Any CPU
		Release|Any CPU = Release|Any CPU
	EndGlobalSection
	GlobalSection(ProjectConfigurationPlatforms) = postSolution
		{6CD3F945-7DAC-47AE-AAD3-4302D3B02DEF}.Debug|Any CPU.ActiveCfg = Debug|Any CPU
		{6CD3F945-7DAC-47AE-AAD3-4302D3B02DEF}.Release|Any CPU.ActiveCfg = Release|Any CPU
	EndGlobalSection
	GlobalSection(SolutionProperties) = preSolution
		HideSolutionNode = FALSE
	EndGlobalSection
	GlobalSection(ExtensibilityGlobals) = postSolution
		SolutionGuid = {0509D051-4E69-4607-B429-DC0611AB7487}
	EndGlobalSection
EndGlobal
